// !$*UTF8*$!
{
	archiveVersion = 1;
	classes = {
	};
	objectVersion = 50;
	objects = {

/* Begin PBXBuildFile section */
		82820218AB27B3B8448B08D0 /* Pods_FLDateKit.framework in Frameworks */ = {isa = PBXBuildFile; fileRef = 7260E36F97E49B5370DF1EA2 /* Pods_FLDateKit.framework */; };
		9FC4F22524050223008C47DD /* AppDelegate.swift in Sources */ = {isa = PBXBuildFile; fileRef = 9FC4F22424050223008C47DD /* AppDelegate.swift */; };
		9FC4F22924050223008C47DD /* ViewController.swift in Sources */ = {isa = PBXBuildFile; fileRef = 9FC4F22824050223008C47DD /* ViewController.swift */; };
		9FC4F22C24050223008C47DD /* Main.storyboard in Resources */ = {isa = PBXBuildFile; fileRef = 9FC4F22A24050223008C47DD /* Main.storyboard */; };
		9FC4F22E24050225008C47DD /* Assets.xcassets in Resources */ = {isa = PBXBuildFile; fileRef = 9FC4F22D24050225008C47DD /* Assets.xcassets */; };
		9FC4F23124050225008C47DD /* LaunchScreen.storyboard in Resources */ = {isa = PBXBuildFile; fileRef = 9FC4F22F24050225008C47DD /* LaunchScreen.storyboard */; };
		9FC4F23A240509D9008C47DD /* Date+String.swift in Sources */ = {isa = PBXBuildFile; fileRef = 9FC4F239240509D9008C47DD /* Date+String.swift */; };
/* End PBXBuildFile section */

/* Begin PBXFileReference section */
		7260E36F97E49B5370DF1EA2 /* Pods_FLDateKit.framework */ = {isa = PBXFileReference; explicitFileType = wrapper.framework; includeInIndex = 0; path = Pods_FLDateKit.framework; sourceTree = BUILT_PRODUCTS_DIR; };
		91BF7112336E9EAAC6FC5951 /* Pods-FLDateKit.release.xcconfig */ = {isa = PBXFileReference; includeInIndex = 1; lastKnownFileType = text.xcconfig; name = "Pods-FLDateKit.release.xcconfig"; path = "Target Support Files/Pods-FLDateKit/Pods-FLDateKit.release.xcconfig"; sourceTree = "<group>"; };
		9FC4F22124050223008C47DD /* FLDateKit.app */ = {isa = PBXFileReference; explicitFileType = wrapper.application; includeInIndex = 0; path = FLDateKit.app; sourceTree = BUILT_PRODUCTS_DIR; };
		9FC4F22424050223008C47DD /* AppDelegate.swift */ = {isa = PBXFileReference; lastKnownFileType = sourcecode.swift; path = AppDelegate.swift; sourceTree = "<group>"; };
		9FC4F22824050223008C47DD /* ViewController.swift */ = {isa = PBXFileReference; lastKnownFileType = sourcecode.swift; path = ViewController.swift; sourceTree = "<group>"; };
		9FC4F22B24050223008C47DD /* Base */ = {isa = PBXFileReference; lastKnownFileType = file.storyboard; name = Base; path = Base.lproj/Main.storyboard; sourceTree = "<group>"; };
		9FC4F22D24050225008C47DD /* Assets.xcassets */ = {isa = PBXFileReference; lastKnownFileType = folder.assetcatalog; path = Assets.xcassets; sourceTree = "<group>"; };
		9FC4F23024050225008C47DD /* Base */ = {isa = PBXFileReference; lastKnownFileType = file.storyboard; name = Base; path = Base.lproj/LaunchScreen.storyboard; sourceTree = "<group>"; };
		9FC4F23224050225008C47DD /* Info.plist */ = {isa = PBXFileReference; lastKnownFileType = text.plist.xml; path = Info.plist; sourceTree = "<group>"; };
		9FC4F239240509D9008C47DD /* Date+String.swift */ = {isa = PBXFileReference; lastKnownFileType = sourcecode.swift; path = "Date+String.swift"; sourceTree = "<group>"; };
		DB4ACAB2F4AFAAD6EB7EBBAE /* Pods-FLDateKit.debug.xcconfig */ = {isa = PBXFileReference; includeInIndex = 1; lastKnownFileType = text.xcconfig; name = "Pods-FLDateKit.debug.xcconfig"; path = "Target Support Files/Pods-FLDateKit/Pods-FLDateKit.debug.xcconfig"; sourceTree = "<group>"; };
/* End PBXFileReference section */

/* Begin PBXFrameworksBuildPhase section */
		9FC4F21E24050223008C47DD /* Frameworks */ = {
			isa = PBXFrameworksBuildPhase;
			buildActionMask = 2147483647;
			files = (
				82820218AB27B3B8448B08D0 /* Pods_FLDateKit.framework in Frameworks */,
			);
			runOnlyForDeploymentPostprocessing = 0;
		};
/* End PBXFrameworksBuildPhase section */

/* Begin PBXGroup section */
		902590C9CDE9157E06881758 /* Frameworks */ = {
			isa = PBXGroup;
			children = (
				7260E36F97E49B5370DF1EA2 /* Pods_FLDateKit.framework */,
			);
			name = Frameworks;
			sourceTree = "<group>";
		};
		9FC4F21824050223008C47DD = {
			isa = PBXGroup;
			children = (
				9FC4F23824050256008C47DD /* Source */,
				9FC4F22324050223008C47DD /* FLDateKitDemo */,
				9FC4F22224050223008C47DD /* Products */,
				BD7916A467C305453947785D /* Pods */,
				902590C9CDE9157E06881758 /* Frameworks */,
			);
			sourceTree = "<group>";
		};
		9FC4F22224050223008C47DD /* Products */ = {
			isa = PBXGroup;
			children = (
				9FC4F22124050223008C47DD /* FLDateKit.app */,
			);
			name = Products;
			sourceTree = "<group>";
		};
		9FC4F22324050223008C47DD /* FLDateKitDemo */ = {
			isa = PBXGroup;
			children = (
				9FC4F22424050223008C47DD /* AppDelegate.swift */,
				9FC4F22824050223008C47DD /* ViewController.swift */,
				9FC4F22A24050223008C47DD /* Main.storyboard */,
				9FC4F22D24050225008C47DD /* Assets.xcassets */,
				9FC4F22F24050225008C47DD /* LaunchScreen.storyboard */,
				9FC4F23224050225008C47DD /* Info.plist */,
			);
			path = FLDateKitDemo;
			sourceTree = "<group>";
		};
		9FC4F23824050256008C47DD /* Source */ = {
			isa = PBXGroup;
			children = (
				9FC4F239240509D9008C47DD /* Date+String.swift */,
			);
			path = Source;
			sourceTree = "<group>";
		};
		BD7916A467C305453947785D /* Pods */ = {
			isa = PBXGroup;
			children = (
				DB4ACAB2F4AFAAD6EB7EBBAE /* Pods-FLDateKit.debug.xcconfig */,
				91BF7112336E9EAAC6FC5951 /* Pods-FLDateKit.release.xcconfig */,
			);
			path = Pods;
			sourceTree = "<group>";
		};
/* End PBXGroup section */

/* Begin PBXNativeTarget section */
		9FC4F22024050223008C47DD /* FLDateKit */ = {
			isa = PBXNativeTarget;
			buildConfigurationList = 9FC4F23524050225008C47DD /* Build configuration list for PBXNativeTarget "FLDateKit" */;
			buildPhases = (
				FEA55DA0B1934B701BEB71DE /* [CP] Check Pods Manifest.lock */,
				9FC4F21D24050223008C47DD /* Sources */,
				9FC4F21E24050223008C47DD /* Frameworks */,
				9FC4F21F24050223008C47DD /* Resources */,
			);
			buildRules = (
			);
			dependencies = (
			);
			name = FLDateKit;
			productName = FLDateKit;
			productReference = 9FC4F22124050223008C47DD /* FLDateKit.app */;
			productType = "com.apple.product-type.application";
		};
/* End PBXNativeTarget section */

/* Begin PBXProject section */
		9FC4F21924050223008C47DD /* Project object */ = {
			isa = PBXProject;
			attributes = {
				LastSwiftUpdateCheck = 1110;
				LastUpgradeCheck = 1110;
				ORGANIZATIONNAME = "Abhishek Thapliyal";
				TargetAttributes = {
					9FC4F22024050223008C47DD = {
						CreatedOnToolsVersion = 11.1;
					};
				};
			};
			buildConfigurationList = 9FC4F21C24050223008C47DD /* Build configuration list for PBXProject "FLDateKit" */;
			compatibilityVersion = "Xcode 9.3";
			developmentRegion = en;
			hasScannedForEncodings = 0;
			knownRegions = (
				en,
				Base,
			);
			mainGroup = 9FC4F21824050223008C47DD;
			productRefGroup = 9FC4F22224050223008C47DD /* Products */;
			projectDirPath = "";
			projectRoot = "";
			targets = (
				9FC4F22024050223008C47DD /* FLDateKit */,
			);
		};
/* End PBXProject section */

/* Begin PBXResourcesBuildPhase section */
		9FC4F21F24050223008C47DD /* Resources */ = {
			isa = PBXResourcesBuildPhase;
			buildActionMask = 2147483647;
			files = (
				9FC4F23124050225008C47DD /* LaunchScreen.storyboard in Resources */,
				9FC4F22E24050225008C47DD /* Assets.xcassets in Resources */,
				9FC4F22C24050223008C47DD /* Main.storyboard in Resources */,
			);
			runOnlyForDeploymentPostprocessing = 0;
		};
/* End PBXResourcesBuildPhase section */

/* Begin PBXShellScriptBuildPhase section */
		FEA55DA0B1934B701BEB71DE /* [CP] Check Pods Manifest.lock */ = {
			isa = PBXShellScriptBuildPhase;
			buildActionMask = 2147483647;
			files = (
			);
			inputFileListPaths = (
			);
			inputPaths = (
				"${PODS_PODFILE_DIR_PATH}/Podfile.lock",
				"${PODS_ROOT}/Manifest.lock",
			);
			name = "[CP] Check Pods Manifest.lock";
			outputFileListPaths = (
			);
			outputPaths = (
				"$(DERIVED_FILE_DIR)/Pods-FLDateKit-checkManifestLockResult.txt",
			);
			runOnlyForDeploymentPostprocessing = 0;
			shellPath = /bin/sh;
			shellScript = "diff \"${PODS_PODFILE_DIR_PATH}/Podfile.lock\" \"${PODS_ROOT}/Manifest.lock\" > /dev/null\nif [ $? != 0 ] ; then\n    # print error to STDERR\n    echo \"error: The sandbox is not in sync with the Podfile.lock. Run 'pod install' or update your CocoaPods installation.\" >&2\n    exit 1\nfi\n# This output is used by Xcode 'outputs' to avoid re-running this script phase.\necho \"SUCCESS\" > \"${SCRIPT_OUTPUT_FILE_0}\"\n";
			showEnvVarsInLog = 0;
		};
/* End PBXShellScriptBuildPhase section */

/* Begin PBXSourcesBuildPhase section */
		9FC4F21D24050223008C47DD /* Sources */ = {
			isa = PBXSourcesBuildPhase;
			buildActionMask = 2147483647;
			files = (
				9FC4F22924050223008C47DD /* ViewController.swift in Sources */,
				9FC4F22524050223008C47DD /* AppDelegate.swift in Sources */,
				9FC4F23A240509D9008C47DD /* Date+String.swift in Sources */,
			);
			runOnlyForDeploymentPostprocessing = 0;
		};
/* End PBXSourcesBuildPhase section */

/* Begin PBXVariantGroup section */
		9FC4F22A24050223008C47DD /* Main.storyboard */ = {
			isa = PBXVariantGroup;
			children = (
				9FC4F22B24050223008C47DD /* Base */,
			);
			name = Main.storyboard;
			sourceTree = "<group>";
		};
		9FC4F22F24050225008C47DD /* LaunchScreen.storyboard */ = {
			isa = PBXVariantGroup;
			children = (
				9FC4F23024050225008C47DD /* Base */,
			);
			name = LaunchScreen.storyboard;
			sourceTree = "<group>";
		};
/* End PBXVariantGroup section */

/* Begin XCBuildConfiguration section */
		9FC4F23324050225008C47DD /* Debug */ = {
			isa = XCBuildConfiguration;
			buildSettings = {
				ALWAYS_SEARCH_USER_PATHS = NO;
				CLANG_ANALYZER_NONNULL = YES;
				CLANG_ANALYZER_NUMBER_OBJECT_CONVERSION = YES_AGGRESSIVE;
				CLANG_CXX_LANGUAGE_STANDARD = "gnu++14";
				CLANG_CXX_LIBRARY = "libc++";
				CLANG_ENABLE_MODULES = YES;
				CLANG_ENABLE_OBJC_ARC = YES;
				CLANG_ENABLE_OBJC_WEAK = YES;
				CLANG_WARN_BLOCK_CAPTURE_AUTORELEASING = YES;
				CLANG_WARN_BOOL_CONVERSION = YES;
				CLANG_WARN_COMMA = YES;
				CLANG_WARN_CONSTANT_CONVERSION = YES;
				CLANG_WARN_DEPRECATED_OBJC_IMPLEMENTATIONS = YES;
				CLANG_WARN_DIRECT_OBJC_ISA_USAGE = YES_ERROR;
				CLANG_WARN_DOCUMENTATION_COMMENTS = YES;
				CLANG_WARN_EMPTY_BODY = YES;
				CLANG_WARN_ENUM_CONVERSION = YES;
				CLANG_WARN_INFINITE_RECURSION = YES;
				CLANG_WARN_INT_CONVERSION = YES;
				CLANG_WARN_NON_LITERAL_NULL_CONVERSION = YES;
				CLANG_WARN_OBJC_IMPLICIT_RETAIN_SELF = YES;
				CLANG_WARN_OBJC_LITERAL_CONVERSION = YES;
				CLANG_WARN_OBJC_ROOT_CLASS = YES_ERROR;
				CLANG_WARN_RANGE_LOOP_ANALYSIS = YES;
				CLANG_WARN_STRICT_PROTOTYPES = YES;
				CLANG_WARN_SUSPICIOUS_MOVE = YES;
				CLANG_WARN_UNGUARDED_AVAILABILITY = YES_AGGRESSIVE;
				CLANG_WARN_UNREACHABLE_CODE = YES;
				CLANG_WARN__DUPLICATE_METHOD_MATCH = YES;
				COPY_PHASE_STRIP = NO;
				DEBUG_INFORMATION_FORMAT = dwarf;
				ENABLE_STRICT_OBJC_MSGSEND = YES;
				ENABLE_TESTABILITY = YES;
				GCC_C_LANGUAGE_STANDARD = gnu11;
				GCC_DYNAMIC_NO_PIC = NO;
				GCC_NO_COMMON_BLOCKS = YES;
				GCC_OPTIMIZATION_LEVEL = 0;
				GCC_PREPROCESSOR_DEFINITIONS = (
					"DEBUG=1",
					"$(inherited)",
				);
				GCC_WARN_64_TO_32_BIT_CONVERSION = YES;
				GCC_WARN_ABOUT_RETURN_TYPE = YES_ERROR;
				GCC_WARN_UNDECLARED_SELECTOR = YES;
				GCC_WARN_UNINITIALIZED_AUTOS = YES_AGGRESSIVE;
				GCC_WARN_UNUSED_FUNCTION = YES;
				GCC_WARN_UNUSED_VARIABLE = YES;
				IPHONEOS_DEPLOYMENT_TARGET = 11.0;
				MTL_ENABLE_DEBUG_INFO = INCLUDE_SOURCE;
				MTL_FAST_MATH = YES;
				ONLY_ACTIVE_ARCH = YES;
				SDKROOT = iphoneos;
				SWIFT_ACTIVE_COMPILATION_CONDITIONS = DEBUG;
				SWIFT_OPTIMIZATION_LEVEL = "-Onone";
				SWIFT_VERSION = 5.0;
			};
			name = Debug;
		};
		9FC4F23424050225008C47DD /* Release */ = {
			isa = XCBuildConfiguration;
			buildSettings = {
				ALWAYS_SEARCH_USER_PATHS = NO;
				CLANG_ANALYZER_NONNULL = YES;
				CLANG_ANALYZER_NUMBER_OBJECT_CONVERSION = YES_AGGRESSIVE;
				CLANG_CXX_LANGUAGE_STANDARD = "gnu++14";
				CLANG_CXX_LIBRARY = "libc++";
				CLANG_ENABLE_MODULES = YES;
				CLANG_ENABLE_OBJC_ARC = YES;
				CLANG_ENABLE_OBJC_WEAK = YES;
				CLANG_WARN_BLOCK_CAPTURE_AUTORELEASING = YES;
				CLANG_WARN_BOOL_CONVERSION = YES;
				CLANG_WARN_COMMA = YES;
				CLANG_WARN_CONSTANT_CONVERSION = YES;
				CLANG_WARN_DEPRECATED_OBJC_IMPLEMENTATIONS = YES;
				CLANG_WARN_DIRECT_OBJC_ISA_USAGE = YES_ERROR;
				CLANG_WARN_DOCUMENTATION_COMMENTS = YES;
				CLANG_WARN_EMPTY_BODY = YES;
				CLANG_WARN_ENUM_CONVERSION = YES;
				CLANG_WARN_INFINITE_RECURSION = YES;
				CLANG_WARN_INT_CONVERSION = YES;
				CLANG_WARN_NON_LITERAL_NULL_CONVERSION = YES;
				CLANG_WARN_OBJC_IMPLICIT_RETAIN_SELF = YES;
				CLANG_WARN_OBJC_LITERAL_CONVERSION = YES;
				CLANG_WARN_OBJC_ROOT_CLASS = YES_ERROR;
				CLANG_WARN_RANGE_LOOP_ANALYSIS = YES;
				CLANG_WARN_STRICT_PROTOTYPES = YES;
				CLANG_WARN_SUSPICIOUS_MOVE = YES;
				CLANG_WARN_UNGUARDED_AVAILABILITY = YES_AGGRESSIVE;
				CLANG_WARN_UNREACHABLE_CODE = YES;
				CLANG_WARN__DUPLICATE_METHOD_MATCH = YES;
				COPY_PHASE_STRIP = NO;
				DEBUG_INFORMATION_FORMAT = "dwarf-with-dsym";
				ENABLE_NS_ASSERTIONS = NO;
				ENABLE_STRICT_OBJC_MSGSEND = YES;
				GCC_C_LANGUAGE_STANDARD = gnu11;
				GCC_NO_COMMON_BLOCKS = YES;
				GCC_WARN_64_TO_32_BIT_CONVERSION = YES;
				GCC_WARN_ABOUT_RETURN_TYPE = YES_ERROR;
				GCC_WARN_UNDECLARED_SELECTOR = YES;
				GCC_WARN_UNINITIALIZED_AUTOS = YES_AGGRESSIVE;
				GCC_WARN_UNUSED_FUNCTION = YES;
				GCC_WARN_UNUSED_VARIABLE = YES;
				IPHONEOS_DEPLOYMENT_TARGET = 11.0;
				MTL_ENABLE_DEBUG_INFO = NO;
				MTL_FAST_MATH = YES;
				SDKROOT = iphoneos;
				SWIFT_COMPILATION_MODE = wholemodule;
				SWIFT_OPTIMIZATION_LEVEL = "-O";
				SWIFT_VERSION = 5.0;
				VALIDATE_PRODUCT = YES;
			};
			name = Release;
		};
		9FC4F23624050225008C47DD /* Debug */ = {
			isa = XCBuildConfiguration;
			baseConfigurationReference = DB4ACAB2F4AFAAD6EB7EBBAE /* Pods-FLDateKit.debug.xcconfig */;
			buildSettings = {
				ASSETCATALOG_COMPILER_APPICON_NAME = AppIcon;
				CODE_SIGN_STYLE = Automatic;
				DEVELOPMENT_TEAM = KC9N23CAXG;
				INFOPLIST_FILE = FLDateKitDemo/Info.plist;
				IPHONEOS_DEPLOYMENT_TARGET = 11.0;
				LD_RUNPATH_SEARCH_PATHS = (
					"$(inherited)",
					"@executable_path/Frameworks",
				);
				PRODUCT_BUNDLE_IDENTIFIER = com.nickelfox.FLDateKit;
				PRODUCT_NAME = "$(TARGET_NAME)";
				SWIFT_VERSION = 5.0;
				TARGETED_DEVICE_FAMILY = "1,2";
			};
			name = Debug;
		};
		9FC4F23724050225008C47DD /* Release */ = {
			isa = XCBuildConfiguration;
			baseConfigurationReference = 91BF7112336E9EAAC6FC5951 /* Pods-FLDateKit.release.xcconfig */;
			buildSettings = {
				ASSETCATALOG_COMPILER_APPICON_NAME = AppIcon;
				CODE_SIGN_STYLE = Automatic;
				DEVELOPMENT_TEAM = KC9N23CAXG;
				INFOPLIST_FILE = FLDateKitDemo/Info.plist;
				IPHONEOS_DEPLOYMENT_TARGET = 11.0;
				LD_RUNPATH_SEARCH_PATHS = (
					"$(inherited)",
					"@executable_path/Frameworks",
				);
				PRODUCT_BUNDLE_IDENTIFIER = com.nickelfox.FLDateKit;
				PRODUCT_NAME = "$(TARGET_NAME)";
				SWIFT_VERSION = 5.0;
				TARGETED_DEVICE_FAMILY = "1,2";
			};
			name = Release;
		};
/* End XCBuildConfiguration section */

/* Begin XCConfigurationList section */
		9FC4F21C24050223008C47DD /* Build configuration list for PBXProject "FLDateKit" */ = {
			isa = XCConfigurationList;
			buildConfigurations = (
				9FC4F23324050225008C47DD /* Debug */,
				9FC4F23424050225008C47DD /* Release */,
			);
			defaultConfigurationIsVisible = 0;
			defaultConfigurationName = Release;
		};
		9FC4F23524050225008C47DD /* Build configuration list for PBXNativeTarget "FLDateKit" */ = {
			isa = XCConfigurationList;
			buildConfigurations = (
				9FC4F23624050225008C47DD /* Debug */,
				9FC4F23724050225008C47DD /* Release */,
			);
			defaultConfigurationIsVisible = 0;
			defaultConfigurationName = Release;
		};
/* End XCConfigurationList section */
	};
	rootObject = 9FC4F21924050223008C47DD /* Project object */;
}
